
Microsoft Visual Studio Solution File, Format Version 12.00
# Visual Studio Version 16
VisualStudioVersion = 16.0.29926.136
MinimumVisualStudioVersion = 10.0.40219.1
Project("{9A19103F-16F7-4668-BE54-9A1E7A4F7556}") = "ToiLamKyThuat", "ToiLamKyThuat\ToiLamKyThuat.csproj", "{7971E827-065C-4528-8426-F793FD168438}"
EndProject
Project("{FAE04EC0-301F-11D3-BF4B-00C04F79EFBC}") = "ToiLamKyThuat.Data", "ToiLamKyThuat.Data\ToiLamKyThuat.Data.csproj", "{1D6BB0FE-6902-4EE9-8FD2-EE2508C6CB84}"
EndProject
Global
	GlobalSection(SolutionConfigurationPlatforms) = preSolution
		Debug|Any CPU = Debug|Any CPU
		Release|Any CPU = Release|Any CPU
	EndGlobalSection
	GlobalSection(ProjectConfigurationPlatforms) = postSolution
		{7971E827-065C-4528-8426-F793FD168438}.Debug|Any CPU.ActiveCfg = Debug|Any CPU
		{7971E827-065C-4528-8426-F793FD168438}.Debug|Any CPU.Build.0 = Debug|Any CPU
		{7971E827-065C-4528-8426-F793FD168438}.Release|Any CPU.ActiveCfg = Release|Any CPU
		{7971E827-065C-4528-8426-F793FD168438}.Release|Any CPU.Build.0 = Release|Any CPU
		{1D6BB0FE-6902-4EE9-8FD2-EE2508C6CB84}.Debug|Any CPU.ActiveCfg = Debug|Any CPU
		{1D6BB0FE-6902-4EE9-8FD2-EE2508C6CB84}.Debug|Any CPU.Build.0 = Debug|Any CPU
		{1D6BB0FE-6902-4EE9-8FD2-EE2508C6CB84}.Release|Any CPU.ActiveCfg = Release|Any CPU
		{1D6BB0FE-6902-4EE9-8FD2-EE2508C6CB84}.Release|Any CPU.Build.0 = Release|Any CPU
	EndGlobalSection
	GlobalSection(SolutionProperties) = preSolution
		HideSolutionNode = FALSE
	EndGlobalSection
	GlobalSection(ExtensibilityGlobals) = postSolution
		SolutionGuid = {36BC5745-8EC2-4A58-AC3D-495D8031CF47}
	EndGlobalSection
EndGlobal
